
Microsoft Visual Studio Solution File, Format Version 12.00
# Visual Studio 15
VisualStudioVersion = 15.0.28307.2017
MinimumVisualStudioVersion = 10.0.40219.1
Project("{FAE04EC0-301F-11D3-BF4B-00C04F79EFBC}") = "zadanie 1", "zadanie 1\zadanie 1.csproj", "{1AB844F6-22AE-4AB1-9FBF-20A64F58A510}"
EndProject
Global
	GlobalSection(SolutionConfigurationPlatforms) = preSolution
		Debug|Any CPU = Debug|Any CPU
		Release|Any CPU = Release|Any CPU
	EndGlobalSection
	GlobalSection(ProjectConfigurationPlatforms) = postSolution
		{1AB844F6-22AE-4AB1-9FBF-20A64F58A510}.Debug|Any CPU.ActiveCfg = Debug|Any CPU
		{1AB844F6-22AE-4AB1-9FBF-20A64F58A510}.Debug|Any CPU.Build.0 = Debug|Any CPU
		{1AB844F6-22AE-4AB1-9FBF-20A64F58A510}.Release|Any CPU.ActiveCfg = Release|Any CPU
		{1AB844F6-22AE-4AB1-9FBF-20A64F58A510}.Release|Any CPU.Build.0 = Release|Any CPU
	EndGlobalSection
	GlobalSection(SolutionProperties) = preSolution
		HideSolutionNode = FALSE
	EndGlobalSection
	GlobalSection(ExtensibilityGlobals) = postSolution
		SolutionGuid = {4E207BC9-5654-42B8-8D16-4F41EBC138CC}
	EndGlobalSection
EndGlobal
